// !$*UTF8*$!
{
	archiveVersion = 1;
	classes = {
	};
	objectVersion = 46;
	objects = {

/* Begin PBXBuildFile section */
		2BA0D6DC1AAA7BAF00E03F3C /* AppDelegate.swift in Sources */ = {isa = PBXBuildFile; fileRef = 2BA0D6DB1AAA7BAF00E03F3C /* AppDelegate.swift */; };
		2BA0D6DE1AAA7BAF00E03F3C /* ViewController.swift in Sources */ = {isa = PBXBuildFile; fileRef = 2BA0D6DD1AAA7BAF00E03F3C /* ViewController.swift */; };
		2BA0D6E11AAA7BAF00E03F3C /* Main.storyboard in Resources */ = {isa = PBXBuildFile; fileRef = 2BA0D6DF1AAA7BAF00E03F3C /* Main.storyboard */; };
		2BA0D6E31AAA7BAF00E03F3C /* Images.xcassets in Resources */ = {isa = PBXBuildFile; fileRef = 2BA0D6E21AAA7BAF00E03F3C /* Images.xcassets */; };
		2BA0D6E61AAA7BAF00E03F3C /* LaunchScreen.xib in Resources */ = {isa = PBXBuildFile; fileRef = 2BA0D6E41AAA7BAF00E03F3C /* LaunchScreen.xib */; };
		2BA0D6F21AAA7BAF00E03F3C /* WatchKitDemoTests.swift in Sources */ = {isa = PBXBuildFile; fileRef = 2BA0D6F11AAA7BAF00E03F3C /* WatchKitDemoTests.swift */; };
		2BA0D6FC1AAA7BBF00E03F3C /* Default-568h@2x.png in Resources */ = {isa = PBXBuildFile; fileRef = 2BA0D6FB1AAA7BBF00E03F3C /* Default-568h@2x.png */; };
		2BA0D7071AAA7C1E00E03F3C /* InterfaceController.swift in Sources */ = {isa = PBXBuildFile; fileRef = 2BA0D7061AAA7C1E00E03F3C /* InterfaceController.swift */; };
		2BA0D7091AAA7C1E00E03F3C /* NotificationController.swift in Sources */ = {isa = PBXBuildFile; fileRef = 2BA0D7081AAA7C1E00E03F3C /* NotificationController.swift */; };
		2BA0D70B1AAA7C1E00E03F3C /* GlanceController.swift in Sources */ = {isa = PBXBuildFile; fileRef = 2BA0D70A1AAA7C1E00E03F3C /* GlanceController.swift */; };
		2BA0D70D1AAA7C1E00E03F3C /* Images.xcassets in Resources */ = {isa = PBXBuildFile; fileRef = 2BA0D70C1AAA7C1E00E03F3C /* Images.xcassets */; };
		2BA0D7111AAA7C1E00E03F3C /* WatchKitDemo WatchKit App.app in Resources */ = {isa = PBXBuildFile; fileRef = 2BA0D7101AAA7C1E00E03F3C /* WatchKitDemo WatchKit App.app */; };
		2BA0D7191AAA7C1E00E03F3C /* Interface.storyboard in Resources */ = {isa = PBXBuildFile; fileRef = 2BA0D7171AAA7C1E00E03F3C /* Interface.storyboard */; };
		2BA0D71B1AAA7C1E00E03F3C /* Images.xcassets in Resources */ = {isa = PBXBuildFile; fileRef = 2BA0D71A1AAA7C1E00E03F3C /* Images.xcassets */; };
		2BA0D71E1AAA7C1E00E03F3C /* WatchKitDemo WatchKit Extension.appex in Embed App Extensions */ = {isa = PBXBuildFile; fileRef = 2BA0D7011AAA7C1E00E03F3C /* WatchKitDemo WatchKit Extension.appex */; settings = {ATTRIBUTES = (RemoveHeadersOnCopy, ); }; };
		2BA0D72D1AAA880600E03F3C /* penguin_one.png in Resources */ = {isa = PBXBuildFile; fileRef = 2BA0D72B1AAA880600E03F3C /* penguin_one.png */; };
		2BA0D72E1AAA880600E03F3C /* penguin_two.png in Resources */ = {isa = PBXBuildFile; fileRef = 2BA0D72C1AAA880600E03F3C /* penguin_two.png */; };
/* End PBXBuildFile section */

/* Begin PBXContainerItemProxy section */
		2BA0D6EC1AAA7BAF00E03F3C /* PBXContainerItemProxy */ = {
			isa = PBXContainerItemProxy;
			containerPortal = 2BA0D6CE1AAA7BAF00E03F3C /* Project object */;
			proxyType = 1;
			remoteGlobalIDString = 2BA0D6D51AAA7BAF00E03F3C;
			remoteInfo = WatchKitDemo;
		};
		2BA0D7121AAA7C1E00E03F3C /* PBXContainerItemProxy */ = {
			isa = PBXContainerItemProxy;
			containerPortal = 2BA0D6CE1AAA7BAF00E03F3C /* Project object */;
			proxyType = 1;
			remoteGlobalIDString = 2BA0D70F1AAA7C1E00E03F3C;
			remoteInfo = "WatchKitDemo WatchKit App";
		};
		2BA0D71C1AAA7C1E00E03F3C /* PBXContainerItemProxy */ = {
			isa = PBXContainerItemProxy;
			containerPortal = 2BA0D6CE1AAA7BAF00E03F3C /* Project object */;
			proxyType = 1;
			remoteGlobalIDString = 2BA0D7001AAA7C1E00E03F3C;
			remoteInfo = "WatchKitDemo WatchKit Extension";
		};
/* End PBXContainerItemProxy section */

/* Begin PBXCopyFilesBuildPhase section */
		2BA0D7251AAA7C1E00E03F3C /* Embed App Extensions */ = {
			isa = PBXCopyFilesBuildPhase;
			buildActionMask = 2147483647;
			dstPath = "";
			dstSubfolderSpec = 13;
			files = (
				2BA0D71E1AAA7C1E00E03F3C /* WatchKitDemo WatchKit Extension.appex in Embed App Extensions */,
			);
			name = "Embed App Extensions";
			runOnlyForDeploymentPostprocessing = 0;
		};
/* End PBXCopyFilesBuildPhase section */

/* Begin PBXFileReference section */
		2BA0D6D61AAA7BAF00E03F3C /* WatchKitDemo.app */ = {isa = PBXFileReference; explicitFileType = wrapper.application; includeInIndex = 0; path = WatchKitDemo.app; sourceTree = BUILT_PRODUCTS_DIR; };
		2BA0D6DA1AAA7BAF00E03F3C /* Info.plist */ = {isa = PBXFileReference; lastKnownFileType = text.plist.xml; path = Info.plist; sourceTree = "<group>"; };
		2BA0D6DB1AAA7BAF00E03F3C /* AppDelegate.swift */ = {isa = PBXFileReference; lastKnownFileType = sourcecode.swift; path = AppDelegate.swift; sourceTree = "<group>"; };
		2BA0D6DD1AAA7BAF00E03F3C /* ViewController.swift */ = {isa = PBXFileReference; lastKnownFileType = sourcecode.swift; path = ViewController.swift; sourceTree = "<group>"; };
		2BA0D6E01AAA7BAF00E03F3C /* Base */ = {isa = PBXFileReference; lastKnownFileType = file.storyboard; name = Base; path = Base.lproj/Main.storyboard; sourceTree = "<group>"; };
		2BA0D6E21AAA7BAF00E03F3C /* Images.xcassets */ = {isa = PBXFileReference; lastKnownFileType = folder.assetcatalog; path = Images.xcassets; sourceTree = "<group>"; };
		2BA0D6E51AAA7BAF00E03F3C /* Base */ = {isa = PBXFileReference; lastKnownFileType = file.xib; name = Base; path = Base.lproj/LaunchScreen.xib; sourceTree = "<group>"; };
		2BA0D6EB1AAA7BAF00E03F3C /* WatchKitDemoTests.xctest */ = {isa = PBXFileReference; explicitFileType = wrapper.cfbundle; includeInIndex = 0; path = WatchKitDemoTests.xctest; sourceTree = BUILT_PRODUCTS_DIR; };
		2BA0D6F01AAA7BAF00E03F3C /* Info.plist */ = {isa = PBXFileReference; lastKnownFileType = text.plist.xml; path = Info.plist; sourceTree = "<group>"; };
		2BA0D6F11AAA7BAF00E03F3C /* WatchKitDemoTests.swift */ = {isa = PBXFileReference; lastKnownFileType = sourcecode.swift; path = WatchKitDemoTests.swift; sourceTree = "<group>"; };
		2BA0D6FB1AAA7BBF00E03F3C /* Default-568h@2x.png */ = {isa = PBXFileReference; lastKnownFileType = image.png; path = "Default-568h@2x.png"; sourceTree = "<group>"; };
		2BA0D7011AAA7C1E00E03F3C /* WatchKitDemo WatchKit Extension.appex */ = {isa = PBXFileReference; explicitFileType = "wrapper.app-extension"; includeInIndex = 0; path = "WatchKitDemo WatchKit Extension.appex"; sourceTree = BUILT_PRODUCTS_DIR; };
		2BA0D7041AAA7C1E00E03F3C /* Info.plist */ = {isa = PBXFileReference; lastKnownFileType = text.plist.xml; path = Info.plist; sourceTree = "<group>"; };
		2BA0D7051AAA7C1E00E03F3C /* PushNotificationPayload.apns */ = {isa = PBXFileReference; lastKnownFileType = text; path = PushNotificationPayload.apns; sourceTree = "<group>"; };
		2BA0D7061AAA7C1E00E03F3C /* InterfaceController.swift */ = {isa = PBXFileReference; lastKnownFileType = sourcecode.swift; path = InterfaceController.swift; sourceTree = "<group>"; };
		2BA0D7081AAA7C1E00E03F3C /* NotificationController.swift */ = {isa = PBXFileReference; lastKnownFileType = sourcecode.swift; path = NotificationController.swift; sourceTree = "<group>"; };
		2BA0D70A1AAA7C1E00E03F3C /* GlanceController.swift */ = {isa = PBXFileReference; lastKnownFileType = sourcecode.swift; path = GlanceController.swift; sourceTree = "<group>"; };
		2BA0D70C1AAA7C1E00E03F3C /* Images.xcassets */ = {isa = PBXFileReference; lastKnownFileType = folder.assetcatalog; path = Images.xcassets; sourceTree = "<group>"; };
		2BA0D7101AAA7C1E00E03F3C /* WatchKitDemo WatchKit App.app */ = {isa = PBXFileReference; explicitFileType = wrapper.application; includeInIndex = 0; path = "WatchKitDemo WatchKit App.app"; sourceTree = BUILT_PRODUCTS_DIR; };
		2BA0D7161AAA7C1E00E03F3C /* Info.plist */ = {isa = PBXFileReference; lastKnownFileType = text.plist.xml; path = Info.plist; sourceTree = "<group>"; };
		2BA0D7181AAA7C1E00E03F3C /* Base */ = {isa = PBXFileReference; lastKnownFileType = file.storyboard; name = Base; path = Base.lproj/Interface.storyboard; sourceTree = "<group>"; };
		2BA0D71A1AAA7C1E00E03F3C /* Images.xcassets */ = {isa = PBXFileReference; lastKnownFileType = folder.assetcatalog; path = Images.xcassets; sourceTree = "<group>"; };
		2BA0D72B1AAA880600E03F3C /* penguin_one.png */ = {isa = PBXFileReference; lastKnownFileType = image.png; path = penguin_one.png; sourceTree = "<group>"; };
		2BA0D72C1AAA880600E03F3C /* penguin_two.png */ = {isa = PBXFileReference; lastKnownFileType = image.png; path = penguin_two.png; sourceTree = "<group>"; };
/* End PBXFileReference section */

/* Begin PBXFrameworksBuildPhase section */
		2BA0D6D31AAA7BAF00E03F3C /* Frameworks */ = {
			isa = PBXFrameworksBuildPhase;
			buildActionMask = 2147483647;
			files = (
			);
			runOnlyForDeploymentPostprocessing = 0;
		};
		2BA0D6E81AAA7BAF00E03F3C /* Frameworks */ = {
			isa = PBXFrameworksBuildPhase;
			buildActionMask = 2147483647;
			files = (
			);
			runOnlyForDeploymentPostprocessing = 0;
		};
		2BA0D6FE1AAA7C1E00E03F3C /* Frameworks */ = {
			isa = PBXFrameworksBuildPhase;
			buildActionMask = 2147483647;
			files = (
			);
			runOnlyForDeploymentPostprocessing = 0;
		};
/* End PBXFrameworksBuildPhase section */

/* Begin PBXGroup section */
		2BA0D6CD1AAA7BAF00E03F3C = {
			isa = PBXGroup;
			children = (
				2BA0D6FB1AAA7BBF00E03F3C /* Default-568h@2x.png */,
				2BA0D6D81AAA7BAF00E03F3C /* WatchKitDemo */,
				2BA0D6EE1AAA7BAF00E03F3C /* WatchKitDemoTests */,
				2BA0D7021AAA7C1E00E03F3C /* WatchKitDemo WatchKit Extension */,
				2BA0D7141AAA7C1E00E03F3C /* WatchKitDemo WatchKit App */,
				2BA0D6D71AAA7BAF00E03F3C /* Products */,
			);
			sourceTree = "<group>";
		};
		2BA0D6D71AAA7BAF00E03F3C /* Products */ = {
			isa = PBXGroup;
			children = (
				2BA0D6D61AAA7BAF00E03F3C /* WatchKitDemo.app */,
				2BA0D6EB1AAA7BAF00E03F3C /* WatchKitDemoTests.xctest */,
				2BA0D7011AAA7C1E00E03F3C /* WatchKitDemo WatchKit Extension.appex */,
				2BA0D7101AAA7C1E00E03F3C /* WatchKitDemo WatchKit App.app */,
			);
			name = Products;
			sourceTree = "<group>";
		};
		2BA0D6D81AAA7BAF00E03F3C /* WatchKitDemo */ = {
			isa = PBXGroup;
			children = (
				2BA0D6DB1AAA7BAF00E03F3C /* AppDelegate.swift */,
				2BA0D6DD1AAA7BAF00E03F3C /* ViewController.swift */,
				2BA0D6DF1AAA7BAF00E03F3C /* Main.storyboard */,
				2BA0D6E21AAA7BAF00E03F3C /* Images.xcassets */,
				2BA0D6E41AAA7BAF00E03F3C /* LaunchScreen.xib */,
				2BA0D6D91AAA7BAF00E03F3C /* Supporting Files */,
			);
			path = WatchKitDemo;
			sourceTree = "<group>";
		};
		2BA0D6D91AAA7BAF00E03F3C /* Supporting Files */ = {
			isa = PBXGroup;
			children = (
				2BA0D6DA1AAA7BAF00E03F3C /* Info.plist */,
			);
			name = "Supporting Files";
			sourceTree = "<group>";
		};
		2BA0D6EE1AAA7BAF00E03F3C /* WatchKitDemoTests */ = {
			isa = PBXGroup;
			children = (
				2BA0D6F11AAA7BAF00E03F3C /* WatchKitDemoTests.swift */,
				2BA0D6EF1AAA7BAF00E03F3C /* Supporting Files */,
			);
			path = WatchKitDemoTests;
			sourceTree = "<group>";
		};
		2BA0D6EF1AAA7BAF00E03F3C /* Supporting Files */ = {
			isa = PBXGroup;
			children = (
				2BA0D6F01AAA7BAF00E03F3C /* Info.plist */,
			);
			name = "Supporting Files";
			sourceTree = "<group>";
		};
		2BA0D7021AAA7C1E00E03F3C /* WatchKitDemo WatchKit Extension */ = {
			isa = PBXGroup;
			children = (
				2BA0D7061AAA7C1E00E03F3C /* InterfaceController.swift */,
				2BA0D7081AAA7C1E00E03F3C /* NotificationController.swift */,
				2BA0D70A1AAA7C1E00E03F3C /* GlanceController.swift */,
				2BA0D70C1AAA7C1E00E03F3C /* Images.xcassets */,
				2BA0D7031AAA7C1E00E03F3C /* Supporting Files */,
			);
			path = "WatchKitDemo WatchKit Extension";
			sourceTree = "<group>";
		};
		2BA0D7031AAA7C1E00E03F3C /* Supporting Files */ = {
			isa = PBXGroup;
			children = (
				2BA0D7041AAA7C1E00E03F3C /* Info.plist */,
				2BA0D7051AAA7C1E00E03F3C /* PushNotificationPayload.apns */,
			);
			name = "Supporting Files";
			sourceTree = "<group>";
		};
		2BA0D7141AAA7C1E00E03F3C /* WatchKitDemo WatchKit App */ = {
			isa = PBXGroup;
			children = (
				2BA0D7281AAA817000E03F3C /* Images */,
				2BA0D7171AAA7C1E00E03F3C /* Interface.storyboard */,
				2BA0D71A1AAA7C1E00E03F3C /* Images.xcassets */,
				2BA0D7151AAA7C1E00E03F3C /* Supporting Files */,
			);
			path = "WatchKitDemo WatchKit App";
			sourceTree = "<group>";
		};
		2BA0D7151AAA7C1E00E03F3C /* Supporting Files */ = {
			isa = PBXGroup;
			children = (
				2BA0D7161AAA7C1E00E03F3C /* Info.plist */,
			);
			name = "Supporting Files";
			sourceTree = "<group>";
		};
		2BA0D7281AAA817000E03F3C /* Images */ = {
			isa = PBXGroup;
			children = (
				2BA0D72B1AAA880600E03F3C /* penguin_one.png */,
				2BA0D72C1AAA880600E03F3C /* penguin_two.png */,
			);
			name = Images;
			sourceTree = "<group>";
		};
/* End PBXGroup section */

/* Begin PBXNativeTarget section */
		2BA0D6D51AAA7BAF00E03F3C /* WatchKitDemo */ = {
			isa = PBXNativeTarget;
			buildConfigurationList = 2BA0D6F51AAA7BAF00E03F3C /* Build configuration list for PBXNativeTarget "WatchKitDemo" */;
			buildPhases = (
				2BA0D6D21AAA7BAF00E03F3C /* Sources */,
				2BA0D6D31AAA7BAF00E03F3C /* Frameworks */,
				2BA0D6D41AAA7BAF00E03F3C /* Resources */,
				2BA0D7251AAA7C1E00E03F3C /* Embed App Extensions */,
			);
			buildRules = (
			);
			dependencies = (
				2BA0D71D1AAA7C1E00E03F3C /* PBXTargetDependency */,
			);
			name = WatchKitDemo;
			productName = WatchKitDemo;
			productReference = 2BA0D6D61AAA7BAF00E03F3C /* WatchKitDemo.app */;
			productType = "com.apple.product-type.application";
		};
		2BA0D6EA1AAA7BAF00E03F3C /* WatchKitDemoTests */ = {
			isa = PBXNativeTarget;
			buildConfigurationList = 2BA0D6F81AAA7BAF00E03F3C /* Build configuration list for PBXNativeTarget "WatchKitDemoTests" */;
			buildPhases = (
				2BA0D6E71AAA7BAF00E03F3C /* Sources */,
				2BA0D6E81AAA7BAF00E03F3C /* Frameworks */,
				2BA0D6E91AAA7BAF00E03F3C /* Resources */,
			);
			buildRules = (
			);
			dependencies = (
				2BA0D6ED1AAA7BAF00E03F3C /* PBXTargetDependency */,
			);
			name = WatchKitDemoTests;
			productName = WatchKitDemoTests;
			productReference = 2BA0D6EB1AAA7BAF00E03F3C /* WatchKitDemoTests.xctest */;
			productType = "com.apple.product-type.bundle.unit-test";
		};
		2BA0D7001AAA7C1E00E03F3C /* WatchKitDemo WatchKit Extension */ = {
			isa = PBXNativeTarget;
			buildConfigurationList = 2BA0D7221AAA7C1E00E03F3C /* Build configuration list for PBXNativeTarget "WatchKitDemo WatchKit Extension" */;
			buildPhases = (
				2BA0D6FD1AAA7C1E00E03F3C /* Sources */,
				2BA0D6FE1AAA7C1E00E03F3C /* Frameworks */,
				2BA0D6FF1AAA7C1E00E03F3C /* Resources */,
			);
			buildRules = (
			);
			dependencies = (
				2BA0D7131AAA7C1E00E03F3C /* PBXTargetDependency */,
			);
			name = "WatchKitDemo WatchKit Extension";
			productName = "WatchKitDemo WatchKit Extension";
			productReference = 2BA0D7011AAA7C1E00E03F3C /* WatchKitDemo WatchKit Extension.appex */;
			productType = "com.apple.product-type.watchkit-extension";
		};
		2BA0D70F1AAA7C1E00E03F3C /* WatchKitDemo WatchKit App */ = {
			isa = PBXNativeTarget;
			buildConfigurationList = 2BA0D71F1AAA7C1E00E03F3C /* Build configuration list for PBXNativeTarget "WatchKitDemo WatchKit App" */;
			buildPhases = (
				2BA0D70E1AAA7C1E00E03F3C /* Resources */,
			);
			buildRules = (
			);
			dependencies = (
			);
			name = "WatchKitDemo WatchKit App";
			productName = "WatchKitDemo WatchKit App";
			productReference = 2BA0D7101AAA7C1E00E03F3C /* WatchKitDemo WatchKit App.app */;
			productType = "com.apple.product-type.application.watchapp";
		};
/* End PBXNativeTarget section */

/* Begin PBXProject section */
		2BA0D6CE1AAA7BAF00E03F3C /* Project object */ = {
			isa = PBXProject;
			attributes = {
				LastUpgradeCheck = 0630;
				ORGANIZATIONNAME = "Evgenii Neumerzhitckii";
				TargetAttributes = {
					2BA0D6D51AAA7BAF00E03F3C = {
						CreatedOnToolsVersion = 6.3;
					};
					2BA0D6EA1AAA7BAF00E03F3C = {
						CreatedOnToolsVersion = 6.3;
						TestTargetID = 2BA0D6D51AAA7BAF00E03F3C;
					};
					2BA0D7001AAA7C1E00E03F3C = {
						CreatedOnToolsVersion = 6.3;
					};
					2BA0D70F1AAA7C1E00E03F3C = {
						CreatedOnToolsVersion = 6.3;
					};
				};
			};
			buildConfigurationList = 2BA0D6D11AAA7BAF00E03F3C /* Build configuration list for PBXProject "WatchKitDemo" */;
			compatibilityVersion = "Xcode 3.2";
			developmentRegion = English;
			hasScannedForEncodings = 0;
			knownRegions = (
				en,
				Base,
			);
			mainGroup = 2BA0D6CD1AAA7BAF00E03F3C;
			productRefGroup = 2BA0D6D71AAA7BAF00E03F3C /* Products */;
			projectDirPath = "";
			projectRoot = "";
			targets = (
				2BA0D6D51AAA7BAF00E03F3C /* WatchKitDemo */,
				2BA0D6EA1AAA7BAF00E03F3C /* WatchKitDemoTests */,
				2BA0D7001AAA7C1E00E03F3C /* WatchKitDemo WatchKit Extension */,
				2BA0D70F1AAA7C1E00E03F3C /* WatchKitDemo WatchKit App */,
			);
		};
/* End PBXProject section */

/* Begin PBXResourcesBuildPhase section */
		2BA0D6D41AAA7BAF00E03F3C /* Resources */ = {
			isa = PBXResourcesBuildPhase;
			buildActionMask = 2147483647;
			files = (
				2BA0D6E11AAA7BAF00E03F3C /* Main.storyboard in Resources */,
				2BA0D6FC1AAA7BBF00E03F3C /* Default-568h@2x.png in Resources */,
				2BA0D6E61AAA7BAF00E03F3C /* LaunchScreen.xib in Resources */,
				2BA0D6E31AAA7BAF00E03F3C /* Images.xcassets in Resources */,
			);
			runOnlyForDeploymentPostprocessing = 0;
		};
		2BA0D6E91AAA7BAF00E03F3C /* Resources */ = {
			isa = PBXResourcesBuildPhase;
			buildActionMask = 2147483647;
			files = (
			);
			runOnlyForDeploymentPostprocessing = 0;
		};
		2BA0D6FF1AAA7C1E00E03F3C /* Resources */ = {
			isa = PBXResourcesBuildPhase;
			buildActionMask = 2147483647;
			files = (
				2BA0D7111AAA7C1E00E03F3C /* WatchKitDemo WatchKit App.app in Resources */,
				2BA0D70D1AAA7C1E00E03F3C /* Images.xcassets in Resources */,
			);
			runOnlyForDeploymentPostprocessing = 0;
		};
		2BA0D70E1AAA7C1E00E03F3C /* Resources */ = {
			isa = PBXResourcesBuildPhase;
			buildActionMask = 2147483647;
			files = (
				2BA0D7191AAA7C1E00E03F3C /* Interface.storyboard in Resources */,
				2BA0D72E1AAA880600E03F3C /* penguin_two.png in Resources */,
				2BA0D71B1AAA7C1E00E03F3C /* Images.xcassets in Resources */,
				2BA0D72D1AAA880600E03F3C /* penguin_one.png in Resources */,
			);
			runOnlyForDeploymentPostprocessing = 0;
		};
/* End PBXResourcesBuildPhase section */

/* Begin PBXSourcesBuildPhase section */
		2BA0D6D21AAA7BAF00E03F3C /* Sources */ = {
			isa = PBXSourcesBuildPhase;
			buildActionMask = 2147483647;
			files = (
				2BA0D6DE1AAA7BAF00E03F3C /* ViewController.swift in Sources */,
				2BA0D6DC1AAA7BAF00E03F3C /* AppDelegate.swift in Sources */,
			);
			runOnlyForDeploymentPostprocessing = 0;
		};
		2BA0D6E71AAA7BAF00E03F3C /* Sources */ = {
			isa = PBXSourcesBuildPhase;
			buildActionMask = 2147483647;
			files = (
				2BA0D6F21AAA7BAF00E03F3C /* WatchKitDemoTests.swift in Sources */,
			);
			runOnlyForDeploymentPostprocessing = 0;
		};
		2BA0D6FD1AAA7C1E00E03F3C /* Sources */ = {
			isa = PBXSourcesBuildPhase;
			buildActionMask = 2147483647;
			files = (
				2BA0D7091AAA7C1E00E03F3C /* NotificationController.swift in Sources */,
				2BA0D7071AAA7C1E00E03F3C /* InterfaceController.swift in Sources */,
				2BA0D70B1AAA7C1E00E03F3C /* GlanceController.swift in Sources */,
			);
			runOnlyForDeploymentPostprocessing = 0;
		};
/* End PBXSourcesBuildPhase section */

/* Begin PBXTargetDependency section */
		2BA0D6ED1AAA7BAF00E03F3C /* PBXTargetDependency */ = {
			isa = PBXTargetDependency;
			target = 2BA0D6D51AAA7BAF00E03F3C /* WatchKitDemo */;
			targetProxy = 2BA0D6EC1AAA7BAF00E03F3C /* PBXContainerItemProxy */;
		};
		2BA0D7131AAA7C1E00E03F3C /* PBXTargetDependency */ = {
			isa = PBXTargetDependency;
			target = 2BA0D70F1AAA7C1E00E03F3C /* WatchKitDemo WatchKit App */;
			targetProxy = 2BA0D7121AAA7C1E00E03F3C /* PBXContainerItemProxy */;
		};
		2BA0D71D1AAA7C1E00E03F3C /* PBXTargetDependency */ = {
			isa = PBXTargetDependency;
			target = 2BA0D7001AAA7C1E00E03F3C /* WatchKitDemo WatchKit Extension */;
			targetProxy = 2BA0D71C1AAA7C1E00E03F3C /* PBXContainerItemProxy */;
		};
/* End PBXTargetDependency section */

/* Begin PBXVariantGroup section */
		2BA0D6DF1AAA7BAF00E03F3C /* Main.storyboard */ = {
			isa = PBXVariantGroup;
			children = (
				2BA0D6E01AAA7BAF00E03F3C /* Base */,
			);
			name = Main.storyboard;
			sourceTree = "<group>";
		};
		2BA0D6E41AAA7BAF00E03F3C /* LaunchScreen.xib */ = {
			isa = PBXVariantGroup;
			children = (
				2BA0D6E51AAA7BAF00E03F3C /* Base */,
			);
			name = LaunchScreen.xib;
			sourceTree = "<group>";
		};
		2BA0D7171AAA7C1E00E03F3C /* Interface.storyboard */ = {
			isa = PBXVariantGroup;
			children = (
				2BA0D7181AAA7C1E00E03F3C /* Base */,
			);
			name = Interface.storyboard;
			sourceTree = "<group>";
		};
/* End PBXVariantGroup section */

/* Begin XCBuildConfiguration section */
		2BA0D6F31AAA7BAF00E03F3C /* Debug */ = {
			isa = XCBuildConfiguration;
			buildSettings = {
				ALWAYS_SEARCH_USER_PATHS = NO;
				CLANG_CXX_LANGUAGE_STANDARD = "gnu++0x";
				CLANG_CXX_LIBRARY = "libc++";
				CLANG_ENABLE_MODULES = YES;
				CLANG_ENABLE_OBJC_ARC = YES;
				CLANG_WARN_BOOL_CONVERSION = YES;
				CLANG_WARN_CONSTANT_CONVERSION = YES;
				CLANG_WARN_DIRECT_OBJC_ISA_USAGE = YES_ERROR;
				CLANG_WARN_EMPTY_BODY = YES;
				CLANG_WARN_ENUM_CONVERSION = YES;
				CLANG_WARN_INT_CONVERSION = YES;
				CLANG_WARN_OBJC_ROOT_CLASS = YES_ERROR;
				CLANG_WARN_UNREACHABLE_CODE = YES;
				CLANG_WARN__DUPLICATE_METHOD_MATCH = YES;
				"CODE_SIGN_IDENTITY[sdk=iphoneos*]" = "iPhone Developer";
				COPY_PHASE_STRIP = NO;
				DEBUG_INFORMATION_FORMAT = dwarf;
				ENABLE_STRICT_OBJC_MSGSEND = YES;
				GCC_C_LANGUAGE_STANDARD = gnu99;
				GCC_DYNAMIC_NO_PIC = NO;
				GCC_NO_COMMON_BLOCKS = YES;
				GCC_OPTIMIZATION_LEVEL = 0;
				GCC_PREPROCESSOR_DEFINITIONS = (
					"DEBUG=1",
					"$(inherited)",
				);
				GCC_SYMBOLS_PRIVATE_EXTERN = NO;
				GCC_WARN_64_TO_32_BIT_CONVERSION = YES;
				GCC_WARN_ABOUT_RETURN_TYPE = YES_ERROR;
				GCC_WARN_UNDECLARED_SELECTOR = YES;
				GCC_WARN_UNINITIALIZED_AUTOS = YES_AGGRESSIVE;
				GCC_WARN_UNUSED_FUNCTION = YES;
				GCC_WARN_UNUSED_VARIABLE = YES;
				IPHONEOS_DEPLOYMENT_TARGET = 7.0;
				MTL_ENABLE_DEBUG_INFO = YES;
				ONLY_ACTIVE_ARCH = YES;
				SDKROOT = iphoneos;
				SWIFT_OPTIMIZATION_LEVEL = "-Onone";
				TARGETED_DEVICE_FAMILY = "1,2";
			};
			name = Debug;
		};
		2BA0D6F41AAA7BAF00E03F3C /* Release */ = {
			isa = XCBuildConfiguration;
			buildSettings = {
				ALWAYS_SEARCH_USER_PATHS = NO;
				CLANG_CXX_LANGUAGE_STANDARD = "gnu++0x";
				CLANG_CXX_LIBRARY = "libc++";
				CLANG_ENABLE_MODULES = YES;
				CLANG_ENABLE_OBJC_ARC = YES;
				CLANG_WARN_BOOL_CONVERSION = YES;
				CLANG_WARN_CONSTANT_CONVERSION = YES;
				CLANG_WARN_DIRECT_OBJC_ISA_USAGE = YES_ERROR;
				CLANG_WARN_EMPTY_BODY = YES;
				CLANG_WARN_ENUM_CONVERSION = YES;
				CLANG_WARN_INT_CONVERSION = YES;
				CLANG_WARN_OBJC_ROOT_CLASS = YES_ERROR;
				CLANG_WARN_UNREACHABLE_CODE = YES;
				CLANG_WARN__DUPLICATE_METHOD_MATCH = YES;
				"CODE_SIGN_IDENTITY[sdk=iphoneos*]" = "iPhone Developer";
				COPY_PHASE_STRIP = NO;
				DEBUG_INFORMATION_FORMAT = "dwarf-with-dsym";
				ENABLE_NS_ASSERTIONS = NO;
				ENABLE_STRICT_OBJC_MSGSEND = YES;
				GCC_C_LANGUAGE_STANDARD = gnu99;
				GCC_NO_COMMON_BLOCKS = YES;
				GCC_WARN_64_TO_32_BIT_CONVERSION = YES;
				GCC_WARN_ABOUT_RETURN_TYPE = YES_ERROR;
				GCC_WARN_UNDECLARED_SELECTOR = YES;
				GCC_WARN_UNINITIALIZED_AUTOS = YES_AGGRESSIVE;
				GCC_WARN_UNUSED_FUNCTION = YES;
				GCC_WARN_UNUSED_VARIABLE = YES;
				IPHONEOS_DEPLOYMENT_TARGET = 7.0;
				MTL_ENABLE_DEBUG_INFO = NO;
				SDKROOT = iphoneos;
				TARGETED_DEVICE_FAMILY = "1,2";
				VALIDATE_PRODUCT = YES;
			};
			name = Release;
		};
		2BA0D6F61AAA7BAF00E03F3C /* Debug */ = {
			isa = XCBuildConfiguration;
			buildSettings = {
				ASSETCATALOG_COMPILER_APPICON_NAME = AppIcon;
				EMBEDDED_CONTENT_CONTAINS_SWIFT = YES;
				INFOPLIST_FILE = WatchKitDemo/Info.plist;
				LD_RUNPATH_SEARCH_PATHS = "$(inherited) @executable_path/Frameworks";
				PRODUCT_NAME = "$(TARGET_NAME)";
			};
			name = Debug;
		};
		2BA0D6F71AAA7BAF00E03F3C /* Release */ = {
			isa = XCBuildConfiguration;
			buildSettings = {
				ASSETCATALOG_COMPILER_APPICON_NAME = AppIcon;
				EMBEDDED_CONTENT_CONTAINS_SWIFT = YES;
				INFOPLIST_FILE = WatchKitDemo/Info.plist;
				LD_RUNPATH_SEARCH_PATHS = "$(inherited) @executable_path/Frameworks";
				PRODUCT_NAME = "$(TARGET_NAME)";
			};
			name = Release;
		};
		2BA0D6F91AAA7BAF00E03F3C /* Debug */ = {
			isa = XCBuildConfiguration;
			buildSettings = {
				BUNDLE_LOADER = "$(TEST_HOST)";
				FRAMEWORK_SEARCH_PATHS = (
					"$(SDKROOT)/Developer/Library/Frameworks",
					"$(inherited)",
				);
				GCC_PREPROCESSOR_DEFINITIONS = (
					"DEBUG=1",
					"$(inherited)",
				);
				INFOPLIST_FILE = WatchKitDemoTests/Info.plist;
				LD_RUNPATH_SEARCH_PATHS = "$(inherited) @executable_path/Frameworks @loader_path/Frameworks";
				PRODUCT_NAME = "$(TARGET_NAME)";
				TEST_HOST = "$(BUILT_PRODUCTS_DIR)/WatchKitDemo.app/WatchKitDemo";
			};
			name = Debug;
		};
		2BA0D6FA1AAA7BAF00E03F3C /* Release */ = {
			isa = XCBuildConfiguration;
			buildSettings = {
				BUNDLE_LOADER = "$(TEST_HOST)";
				FRAMEWORK_SEARCH_PATHS = (
					"$(SDKROOT)/Developer/Library/Frameworks",
					"$(inherited)",
				);
				INFOPLIST_FILE = WatchKitDemoTests/Info.plist;
				LD_RUNPATH_SEARCH_PATHS = "$(inherited) @executable_path/Frameworks @loader_path/Frameworks";
				PRODUCT_NAME = "$(TARGET_NAME)";
				TEST_HOST = "$(BUILT_PRODUCTS_DIR)/WatchKitDemo.app/WatchKitDemo";
			};
			name = Release;
		};
		2BA0D7201AAA7C1E00E03F3C /* Debug */ = {
			isa = XCBuildConfiguration;
			buildSettings = {
				ASSETCATALOG_COMPILER_APPICON_NAME = AppIcon;
				GCC_PREPROCESSOR_DEFINITIONS = (
					"DEBUG=1",
					"$(inherited)",
				);
				IBSC_MODULE = WatchKitDemo_WatchKit_Extension;
				INFOPLIST_FILE = "WatchKitDemo WatchKit App/Info.plist";
				IPHONEOS_DEPLOYMENT_TARGET = 8.3;
				PRODUCT_NAME = "$(TARGET_NAME)";
				SKIP_INSTALL = YES;
				TARGETED_DEVICE_FAMILY = 4;
				"TARGETED_DEVICE_FAMILY[sdk=iphonesimulator*]" = "1,4";
			};
			name = Debug;
		};
		2BA0D7211AAA7C1E00E03F3C /* Release */ = {
			isa = XCBuildConfiguration;
			buildSettings = {
				ASSETCATALOG_COMPILER_APPICON_NAME = AppIcon;
				IBSC_MODULE = WatchKitDemo_WatchKit_Extension;
				INFOPLIST_FILE = "WatchKitDemo WatchKit App/Info.plist";
				IPHONEOS_DEPLOYMENT_TARGET = 8.3;
				PRODUCT_NAME = "$(TARGET_NAME)";
				SKIP_INSTALL = YES;
				TARGETED_DEVICE_FAMILY = 4;
				"TARGETED_DEVICE_FAMILY[sdk=iphonesimulator*]" = "1,4";
			};
			name = Release;
		};
		2BA0D7231AAA7C1E00E03F3C /* Debug */ = {
			isa = XCBuildConfiguration;
			buildSettings = {
				GCC_PREPROCESSOR_DEFINITIONS = (
					"DEBUG=1",
					"$(inherited)",
				);
				INFOPLIST_FILE = "WatchKitDemo WatchKit Extension/Info.plist";
				IPHONEOS_DEPLOYMENT_TARGET = 8.3;
				LD_RUNPATH_SEARCH_PATHS = "$(inherited) @executable_path/Frameworks @executable_path/../../Frameworks";
				PRODUCT_NAME = "${TARGET_NAME}";
				SKIP_INSTALL = YES;
			};
			name = Debug;
		};
		2BA0D7241AAA7C1E00E03F3C /* Release */ = {
			isa = XCBuildConfiguration;
			buildSettings = {
				INFOPLIST_FILE = "WatchKitDemo WatchKit Extension/Info.plist";
				IPHONEOS_DEPLOYMENT_TARGET = 8.3;
				LD_RUNPATH_SEARCH_PATHS = "$(inherited) @executable_path/Frameworks @executable_path/../../Frameworks";
				PRODUCT_NAME = "${TARGET_NAME}";
				SKIP_INSTALL = YES;
			};
			name = Release;
		};
/* End XCBuildConfiguration section */

/* Begin XCConfigurationList section */
		2BA0D6D11AAA7BAF00E03F3C /* Build configuration list for PBXProject "WatchKitDemo" */ = {
			isa = XCConfigurationList;
			buildConfigurations = (
				2BA0D6F31AAA7BAF00E03F3C /* Debug */,
				2BA0D6F41AAA7BAF00E03F3C /* Release */,
			);
			defaultConfigurationIsVisible = 0;
			defaultConfigurationName = Release;
		};
		2BA0D6F51AAA7BAF00E03F3C /* Build configuration list for PBXNativeTarget "WatchKitDemo" */ = {
			isa = XCConfigurationList;
			buildConfigurations = (
				2BA0D6F61AAA7BAF00E03F3C /* Debug */,
				2BA0D6F71AAA7BAF00E03F3C /* Release */,
			);
			defaultConfigurationIsVisible = 0;
			defaultConfigurationName = Release;
		};
		2BA0D6F81AAA7BAF00E03F3C /* Build configuration list for PBXNativeTarget "WatchKitDemoTests" */ = {
			isa = XCConfigurationList;
			buildConfigurations = (
				2BA0D6F91AAA7BAF00E03F3C /* Debug */,
				2BA0D6FA1AAA7BAF00E03F3C /* Release */,
			);
			defaultConfigurationIsVisible = 0;
			defaultConfigurationName = Release;
		};
		2BA0D71F1AAA7C1E00E03F3C /* Build configuration list for PBXNativeTarget "WatchKitDemo WatchKit App" */ = {
			isa = XCConfigurationList;
			buildConfigurations = (
				2BA0D7201AAA7C1E00E03F3C /* Debug */,
				2BA0D7211AAA7C1E00E03F3C /* Release */,
			);
			defaultConfigurationIsVisible = 0;
			defaultConfigurationName = Release;
		};
		2BA0D7221AAA7C1E00E03F3C /* Build configuration list for PBXNativeTarget "WatchKitDemo WatchKit Extension" */ = {
			isa = XCConfigurationList;
			buildConfigurations = (
				2BA0D7231AAA7C1E00E03F3C /* Debug */,
				2BA0D7241AAA7C1E00E03F3C /* Release */,
			);
			defaultConfigurationIsVisible = 0;
			defaultConfigurationName = Release;
		};
/* End XCConfigurationList section */
	};
	rootObject = 2BA0D6CE1AAA7BAF00E03F3C /* Project object */;
}
