// !$*UTF8*$!
{
	archiveVersion = 1;
	classes = {
	};
	objectVersion = 46;
	objects = {

/* Begin PBXBuildFile section */
		2B82D5D61AAACC080059E738 /* AppDelegate.swift in Sources */ = {isa = PBXBuildFile; fileRef = 2B82D5D51AAACC080059E738 /* AppDelegate.swift */; };
		2B82D5D81AAACC080059E738 /* ViewController.swift in Sources */ = {isa = PBXBuildFile; fileRef = 2B82D5D71AAACC080059E738 /* ViewController.swift */; };
		2B82D5DB1AAACC080059E738 /* Main.storyboard in Resources */ = {isa = PBXBuildFile; fileRef = 2B82D5D91AAACC080059E738 /* Main.storyboard */; };
		2B82D5DD1AAACC080059E738 /* Images.xcassets in Resources */ = {isa = PBXBuildFile; fileRef = 2B82D5DC1AAACC080059E738 /* Images.xcassets */; };
		2B82D5E01AAACC080059E738 /* LaunchScreen.xib in Resources */ = {isa = PBXBuildFile; fileRef = 2B82D5DE1AAACC080059E738 /* LaunchScreen.xib */; };
		2B82D5EC1AAACC080059E738 /* WatchKitDemoTests.swift in Sources */ = {isa = PBXBuildFile; fileRef = 2B82D5EB1AAACC080059E738 /* WatchKitDemoTests.swift */; };
		2B82D5FE1AAACC1C0059E738 /* InterfaceController.swift in Sources */ = {isa = PBXBuildFile; fileRef = 2B82D5FD1AAACC1C0059E738 /* InterfaceController.swift */; };
		2B82D6001AAACC1C0059E738 /* Images.xcassets in Resources */ = {isa = PBXBuildFile; fileRef = 2B82D5FF1AAACC1C0059E738 /* Images.xcassets */; };
		2B82D6041AAACC1C0059E738 /* WatchKitDemo WatchKit App.app in Resources */ = {isa = PBXBuildFile; fileRef = 2B82D6031AAACC1C0059E738 /* WatchKitDemo WatchKit App.app */; };
		2B82D60C1AAACC1C0059E738 /* Interface.storyboard in Resources */ = {isa = PBXBuildFile; fileRef = 2B82D60A1AAACC1C0059E738 /* Interface.storyboard */; };
		2B82D60E1AAACC1C0059E738 /* Images.xcassets in Resources */ = {isa = PBXBuildFile; fileRef = 2B82D60D1AAACC1C0059E738 /* Images.xcassets */; };
		2B82D6111AAACC1C0059E738 /* WatchKitDemo WatchKit Extension.appex in Embed App Extensions */ = {isa = PBXBuildFile; fileRef = 2B82D5F91AAACC1C0059E738 /* WatchKitDemo WatchKit Extension.appex */; settings = {ATTRIBUTES = (RemoveHeadersOnCopy, ); }; };
		2B82D61B1AAACC750059E738 /* penguin_one.png in Resources */ = {isa = PBXBuildFile; fileRef = 2B82D6191AAACC750059E738 /* penguin_one.png */; };
		2B82D61C1AAACC750059E738 /* penguin_two.png in Resources */ = {isa = PBXBuildFile; fileRef = 2B82D61A1AAACC750059E738 /* penguin_two.png */; };
/* End PBXBuildFile section */

/* Begin PBXContainerItemProxy section */
		2B82D5E61AAACC080059E738 /* PBXContainerItemProxy */ = {
			isa = PBXContainerItemProxy;
			containerPortal = 2B82D5C81AAACC080059E738 /* Project object */;
			proxyType = 1;
			remoteGlobalIDString = 2B82D5CF1AAACC080059E738;
			remoteInfo = WatchKitDemo;
		};
		2B82D6051AAACC1C0059E738 /* PBXContainerItemProxy */ = {
			isa = PBXContainerItemProxy;
			containerPortal = 2B82D5C81AAACC080059E738 /* Project object */;
			proxyType = 1;
			remoteGlobalIDString = 2B82D6021AAACC1C0059E738;
			remoteInfo = "WatchKitDemo WatchKit App";
		};
		2B82D60F1AAACC1C0059E738 /* PBXContainerItemProxy */ = {
			isa = PBXContainerItemProxy;
			containerPortal = 2B82D5C81AAACC080059E738 /* Project object */;
			proxyType = 1;
			remoteGlobalIDString = 2B82D5F81AAACC1C0059E738;
			remoteInfo = "WatchKitDemo WatchKit Extension";
		};
/* End PBXContainerItemProxy section */

/* Begin PBXCopyFilesBuildPhase section */
		2B82D6181AAACC1C0059E738 /* Embed App Extensions */ = {
			isa = PBXCopyFilesBuildPhase;
			buildActionMask = 2147483647;
			dstPath = "";
			dstSubfolderSpec = 13;
			files = (
				2B82D6111AAACC1C0059E738 /* WatchKitDemo WatchKit Extension.appex in Embed App Extensions */,
			);
			name = "Embed App Extensions";
			runOnlyForDeploymentPostprocessing = 0;
		};
/* End PBXCopyFilesBuildPhase section */

/* Begin PBXFileReference section */
		2B82D5D01AAACC080059E738 /* WatchKitDemo.app */ = {isa = PBXFileReference; explicitFileType = wrapper.application; includeInIndex = 0; path = WatchKitDemo.app; sourceTree = BUILT_PRODUCTS_DIR; };
		2B82D5D41AAACC080059E738 /* Info.plist */ = {isa = PBXFileReference; lastKnownFileType = text.plist.xml; path = Info.plist; sourceTree = "<group>"; };
		2B82D5D51AAACC080059E738 /* AppDelegate.swift */ = {isa = PBXFileReference; lastKnownFileType = sourcecode.swift; path = AppDelegate.swift; sourceTree = "<group>"; };
		2B82D5D71AAACC080059E738 /* ViewController.swift */ = {isa = PBXFileReference; lastKnownFileType = sourcecode.swift; path = ViewController.swift; sourceTree = "<group>"; };
		2B82D5DA1AAACC080059E738 /* Base */ = {isa = PBXFileReference; lastKnownFileType = file.storyboard; name = Base; path = Base.lproj/Main.storyboard; sourceTree = "<group>"; };
		2B82D5DC1AAACC080059E738 /* Images.xcassets */ = {isa = PBXFileReference; lastKnownFileType = folder.assetcatalog; path = Images.xcassets; sourceTree = "<group>"; };
		2B82D5DF1AAACC080059E738 /* Base */ = {isa = PBXFileReference; lastKnownFileType = file.xib; name = Base; path = Base.lproj/LaunchScreen.xib; sourceTree = "<group>"; };
		2B82D5E51AAACC080059E738 /* WatchKitDemoTests.xctest */ = {isa = PBXFileReference; explicitFileType = wrapper.cfbundle; includeInIndex = 0; path = WatchKitDemoTests.xctest; sourceTree = BUILT_PRODUCTS_DIR; };
		2B82D5EA1AAACC080059E738 /* Info.plist */ = {isa = PBXFileReference; lastKnownFileType = text.plist.xml; path = Info.plist; sourceTree = "<group>"; };
		2B82D5EB1AAACC080059E738 /* WatchKitDemoTests.swift */ = {isa = PBXFileReference; lastKnownFileType = sourcecode.swift; path = WatchKitDemoTests.swift; sourceTree = "<group>"; };
		2B82D5F91AAACC1C0059E738 /* WatchKitDemo WatchKit Extension.appex */ = {isa = PBXFileReference; explicitFileType = "wrapper.app-extension"; includeInIndex = 0; path = "WatchKitDemo WatchKit Extension.appex"; sourceTree = BUILT_PRODUCTS_DIR; };
		2B82D5FC1AAACC1C0059E738 /* Info.plist */ = {isa = PBXFileReference; lastKnownFileType = text.plist.xml; path = Info.plist; sourceTree = "<group>"; };
		2B82D5FD1AAACC1C0059E738 /* InterfaceController.swift */ = {isa = PBXFileReference; lastKnownFileType = sourcecode.swift; path = InterfaceController.swift; sourceTree = "<group>"; };
		2B82D5FF1AAACC1C0059E738 /* Images.xcassets */ = {isa = PBXFileReference; lastKnownFileType = folder.assetcatalog; path = Images.xcassets; sourceTree = "<group>"; };
		2B82D6031AAACC1C0059E738 /* WatchKitDemo WatchKit App.app */ = {isa = PBXFileReference; explicitFileType = wrapper.application; includeInIndex = 0; path = "WatchKitDemo WatchKit App.app"; sourceTree = BUILT_PRODUCTS_DIR; };
		2B82D6091AAACC1C0059E738 /* Info.plist */ = {isa = PBXFileReference; lastKnownFileType = text.plist.xml; path = Info.plist; sourceTree = "<group>"; };
		2B82D60B1AAACC1C0059E738 /* Base */ = {isa = PBXFileReference; lastKnownFileType = file.storyboard; name = Base; path = Base.lproj/Interface.storyboard; sourceTree = "<group>"; };
		2B82D60D1AAACC1C0059E738 /* Images.xcassets */ = {isa = PBXFileReference; lastKnownFileType = folder.assetcatalog; path = Images.xcassets; sourceTree = "<group>"; };
		2B82D6191AAACC750059E738 /* penguin_one.png */ = {isa = PBXFileReference; lastKnownFileType = image.png; path = penguin_one.png; sourceTree = "<group>"; };
		2B82D61A1AAACC750059E738 /* penguin_two.png */ = {isa = PBXFileReference; lastKnownFileType = image.png; path = penguin_two.png; sourceTree = "<group>"; };
/* End PBXFileReference section */

/* Begin PBXFrameworksBuildPhase section */
		2B82D5CD1AAACC080059E738 /* Frameworks */ = {
			isa = PBXFrameworksBuildPhase;
			buildActionMask = 2147483647;
			files = (
			);
			runOnlyForDeploymentPostprocessing = 0;
		};
		2B82D5E21AAACC080059E738 /* Frameworks */ = {
			isa = PBXFrameworksBuildPhase;
			buildActionMask = 2147483647;
			files = (
			);
			runOnlyForDeploymentPostprocessing = 0;
		};
		2B82D5F61AAACC1C0059E738 /* Frameworks */ = {
			isa = PBXFrameworksBuildPhase;
			buildActionMask = 2147483647;
			files = (
			);
			runOnlyForDeploymentPostprocessing = 0;
		};
/* End PBXFrameworksBuildPhase section */

/* Begin PBXGroup section */
		2B82D5C71AAACC080059E738 = {
			isa = PBXGroup;
			children = (
				2B82D5D21AAACC080059E738 /* WatchKitDemo */,
				2B82D5E81AAACC080059E738 /* WatchKitDemoTests */,
				2B82D5FA1AAACC1C0059E738 /* WatchKitDemo WatchKit Extension */,
				2B82D6071AAACC1C0059E738 /* WatchKitDemo WatchKit App */,
				2B82D5D11AAACC080059E738 /* Products */,
			);
			sourceTree = "<group>";
		};
		2B82D5D11AAACC080059E738 /* Products */ = {
			isa = PBXGroup;
			children = (
				2B82D5D01AAACC080059E738 /* WatchKitDemo.app */,
				2B82D5E51AAACC080059E738 /* WatchKitDemoTests.xctest */,
				2B82D5F91AAACC1C0059E738 /* WatchKitDemo WatchKit Extension.appex */,
				2B82D6031AAACC1C0059E738 /* WatchKitDemo WatchKit App.app */,
			);
			name = Products;
			sourceTree = "<group>";
		};
		2B82D5D21AAACC080059E738 /* WatchKitDemo */ = {
			isa = PBXGroup;
			children = (
				2B82D5D51AAACC080059E738 /* AppDelegate.swift */,
				2B82D5D71AAACC080059E738 /* ViewController.swift */,
				2B82D5D91AAACC080059E738 /* Main.storyboard */,
				2B82D5DC1AAACC080059E738 /* Images.xcassets */,
				2B82D5DE1AAACC080059E738 /* LaunchScreen.xib */,
				2B82D5D31AAACC080059E738 /* Supporting Files */,
			);
			path = WatchKitDemo;
			sourceTree = "<group>";
		};
		2B82D5D31AAACC080059E738 /* Supporting Files */ = {
			isa = PBXGroup;
			children = (
				2B82D5D41AAACC080059E738 /* Info.plist */,
			);
			name = "Supporting Files";
			sourceTree = "<group>";
		};
		2B82D5E81AAACC080059E738 /* WatchKitDemoTests */ = {
			isa = PBXGroup;
			children = (
				2B82D5EB1AAACC080059E738 /* WatchKitDemoTests.swift */,
				2B82D5E91AAACC080059E738 /* Supporting Files */,
			);
			path = WatchKitDemoTests;
			sourceTree = "<group>";
		};
		2B82D5E91AAACC080059E738 /* Supporting Files */ = {
			isa = PBXGroup;
			children = (
				2B82D5EA1AAACC080059E738 /* Info.plist */,
			);
			name = "Supporting Files";
			sourceTree = "<group>";
		};
		2B82D5FA1AAACC1C0059E738 /* WatchKitDemo WatchKit Extension */ = {
			isa = PBXGroup;
			children = (
				2B82D5FD1AAACC1C0059E738 /* InterfaceController.swift */,
				2B82D5FF1AAACC1C0059E738 /* Images.xcassets */,
				2B82D5FB1AAACC1C0059E738 /* Supporting Files */,
			);
			path = "WatchKitDemo WatchKit Extension";
			sourceTree = "<group>";
		};
		2B82D5FB1AAACC1C0059E738 /* Supporting Files */ = {
			isa = PBXGroup;
			children = (
				2B82D5FC1AAACC1C0059E738 /* Info.plist */,
			);
			name = "Supporting Files";
			sourceTree = "<group>";
		};
		2B82D6071AAACC1C0059E738 /* WatchKitDemo WatchKit App */ = {
			isa = PBXGroup;
			children = (
				2B82D6191AAACC750059E738 /* penguin_one.png */,
				2B82D61A1AAACC750059E738 /* penguin_two.png */,
				2B82D60A1AAACC1C0059E738 /* Interface.storyboard */,
				2B82D60D1AAACC1C0059E738 /* Images.xcassets */,
				2B82D6081AAACC1C0059E738 /* Supporting Files */,
			);
			path = "WatchKitDemo WatchKit App";
			sourceTree = "<group>";
		};
		2B82D6081AAACC1C0059E738 /* Supporting Files */ = {
			isa = PBXGroup;
			children = (
				2B82D6091AAACC1C0059E738 /* Info.plist */,
			);
			name = "Supporting Files";
			sourceTree = "<group>";
		};
/* End PBXGroup section */

/* Begin PBXNativeTarget section */
		2B82D5CF1AAACC080059E738 /* WatchKitDemo */ = {
			isa = PBXNativeTarget;
			buildConfigurationList = 2B82D5EF1AAACC080059E738 /* Build configuration list for PBXNativeTarget "WatchKitDemo" */;
			buildPhases = (
				2B82D5CC1AAACC080059E738 /* Sources */,
				2B82D5CD1AAACC080059E738 /* Frameworks */,
				2B82D5CE1AAACC080059E738 /* Resources */,
				2B82D6181AAACC1C0059E738 /* Embed App Extensions */,
			);
			buildRules = (
			);
			dependencies = (
				2B82D6101AAACC1C0059E738 /* PBXTargetDependency */,
			);
			name = WatchKitDemo;
			productName = WatchKitDemo;
			productReference = 2B82D5D01AAACC080059E738 /* WatchKitDemo.app */;
			productType = "com.apple.product-type.application";
		};
		2B82D5E41AAACC080059E738 /* WatchKitDemoTests */ = {
			isa = PBXNativeTarget;
			buildConfigurationList = 2B82D5F21AAACC080059E738 /* Build configuration list for PBXNativeTarget "WatchKitDemoTests" */;
			buildPhases = (
				2B82D5E11AAACC080059E738 /* Sources */,
				2B82D5E21AAACC080059E738 /* Frameworks */,
				2B82D5E31AAACC080059E738 /* Resources */,
			);
			buildRules = (
			);
			dependencies = (
				2B82D5E71AAACC080059E738 /* PBXTargetDependency */,
			);
			name = WatchKitDemoTests;
			productName = WatchKitDemoTests;
			productReference = 2B82D5E51AAACC080059E738 /* WatchKitDemoTests.xctest */;
			productType = "com.apple.product-type.bundle.unit-test";
		};
		2B82D5F81AAACC1C0059E738 /* WatchKitDemo WatchKit Extension */ = {
			isa = PBXNativeTarget;
			buildConfigurationList = 2B82D6151AAACC1C0059E738 /* Build configuration list for PBXNativeTarget "WatchKitDemo WatchKit Extension" */;
			buildPhases = (
				2B82D5F51AAACC1C0059E738 /* Sources */,
				2B82D5F61AAACC1C0059E738 /* Frameworks */,
				2B82D5F71AAACC1C0059E738 /* Resources */,
			);
			buildRules = (
			);
			dependencies = (
				2B82D6061AAACC1C0059E738 /* PBXTargetDependency */,
			);
			name = "WatchKitDemo WatchKit Extension";
			productName = "WatchKitDemo WatchKit Extension";
			productReference = 2B82D5F91AAACC1C0059E738 /* WatchKitDemo WatchKit Extension.appex */;
			productType = "com.apple.product-type.watchkit-extension";
		};
		2B82D6021AAACC1C0059E738 /* WatchKitDemo WatchKit App */ = {
			isa = PBXNativeTarget;
			buildConfigurationList = 2B82D6121AAACC1C0059E738 /* Build configuration list for PBXNativeTarget "WatchKitDemo WatchKit App" */;
			buildPhases = (
				2B82D6011AAACC1C0059E738 /* Resources */,
			);
			buildRules = (
			);
			dependencies = (
			);
			name = "WatchKitDemo WatchKit App";
			productName = "WatchKitDemo WatchKit App";
			productReference = 2B82D6031AAACC1C0059E738 /* WatchKitDemo WatchKit App.app */;
			productType = "com.apple.product-type.application.watchapp";
		};
/* End PBXNativeTarget section */

/* Begin PBXProject section */
		2B82D5C81AAACC080059E738 /* Project object */ = {
			isa = PBXProject;
			attributes = {
				LastUpgradeCheck = 0630;
				ORGANIZATIONNAME = "Evgenii Neumerzhitckii";
				TargetAttributes = {
					2B82D5CF1AAACC080059E738 = {
						CreatedOnToolsVersion = 6.3;
					};
					2B82D5E41AAACC080059E738 = {
						CreatedOnToolsVersion = 6.3;
						TestTargetID = 2B82D5CF1AAACC080059E738;
					};
					2B82D5F81AAACC1C0059E738 = {
						CreatedOnToolsVersion = 6.3;
					};
					2B82D6021AAACC1C0059E738 = {
						CreatedOnToolsVersion = 6.3;
					};
				};
			};
			buildConfigurationList = 2B82D5CB1AAACC080059E738 /* Build configuration list for PBXProject "WatchKitDemo" */;
			compatibilityVersion = "Xcode 3.2";
			developmentRegion = English;
			hasScannedForEncodings = 0;
			knownRegions = (
				en,
				Base,
			);
			mainGroup = 2B82D5C71AAACC080059E738;
			productRefGroup = 2B82D5D11AAACC080059E738 /* Products */;
			projectDirPath = "";
			projectRoot = "";
			targets = (
				2B82D5CF1AAACC080059E738 /* WatchKitDemo */,
				2B82D5E41AAACC080059E738 /* WatchKitDemoTests */,
				2B82D5F81AAACC1C0059E738 /* WatchKitDemo WatchKit Extension */,
				2B82D6021AAACC1C0059E738 /* WatchKitDemo WatchKit App */,
			);
		};
/* End PBXProject section */

/* Begin PBXResourcesBuildPhase section */
		2B82D5CE1AAACC080059E738 /* Resources */ = {
			isa = PBXResourcesBuildPhase;
			buildActionMask = 2147483647;
			files = (
				2B82D5DB1AAACC080059E738 /* Main.storyboard in Resources */,
				2B82D5E01AAACC080059E738 /* LaunchScreen.xib in Resources */,
				2B82D5DD1AAACC080059E738 /* Images.xcassets in Resources */,
			);
			runOnlyForDeploymentPostprocessing = 0;
		};
		2B82D5E31AAACC080059E738 /* Resources */ = {
			isa = PBXResourcesBuildPhase;
			buildActionMask = 2147483647;
			files = (
			);
			runOnlyForDeploymentPostprocessing = 0;
		};
		2B82D5F71AAACC1C0059E738 /* Resources */ = {
			isa = PBXResourcesBuildPhase;
			buildActionMask = 2147483647;
			files = (
				2B82D6041AAACC1C0059E738 /* WatchKitDemo WatchKit App.app in Resources */,
				2B82D6001AAACC1C0059E738 /* Images.xcassets in Resources */,
			);
			runOnlyForDeploymentPostprocessing = 0;
		};
		2B82D6011AAACC1C0059E738 /* Resources */ = {
			isa = PBXResourcesBuildPhase;
			buildActionMask = 2147483647;
			files = (
				2B82D60C1AAACC1C0059E738 /* Interface.storyboard in Resources */,
				2B82D61C1AAACC750059E738 /* penguin_two.png in Resources */,
				2B82D60E1AAACC1C0059E738 /* Images.xcassets in Resources */,
				2B82D61B1AAACC750059E738 /* penguin_one.png in Resources */,
			);
			runOnlyForDeploymentPostprocessing = 0;
		};
/* End PBXResourcesBuildPhase section */

/* Begin PBXSourcesBuildPhase section */
		2B82D5CC1AAACC080059E738 /* Sources */ = {
			isa = PBXSourcesBuildPhase;
			buildActionMask = 2147483647;
			files = (
				2B82D5D81AAACC080059E738 /* ViewController.swift in Sources */,
				2B82D5D61AAACC080059E738 /* AppDelegate.swift in Sources */,
			);
			runOnlyForDeploymentPostprocessing = 0;
		};
		2B82D5E11AAACC080059E738 /* Sources */ = {
			isa = PBXSourcesBuildPhase;
			buildActionMask = 2147483647;
			files = (
				2B82D5EC1AAACC080059E738 /* WatchKitDemoTests.swift in Sources */,
			);
			runOnlyForDeploymentPostprocessing = 0;
		};
		2B82D5F51AAACC1C0059E738 /* Sources */ = {
			isa = PBXSourcesBuildPhase;
			buildActionMask = 2147483647;
			files = (
				2B82D5FE1AAACC1C0059E738 /* InterfaceController.swift in Sources */,
			);
			runOnlyForDeploymentPostprocessing = 0;
		};
/* End PBXSourcesBuildPhase section */

/* Begin PBXTargetDependency section */
		2B82D5E71AAACC080059E738 /* PBXTargetDependency */ = {
			isa = PBXTargetDependency;
			target = 2B82D5CF1AAACC080059E738 /* WatchKitDemo */;
			targetProxy = 2B82D5E61AAACC080059E738 /* PBXContainerItemProxy */;
		};
		2B82D6061AAACC1C0059E738 /* PBXTargetDependency */ = {
			isa = PBXTargetDependency;
			target = 2B82D6021AAACC1C0059E738 /* WatchKitDemo WatchKit App */;
			targetProxy = 2B82D6051AAACC1C0059E738 /* PBXContainerItemProxy */;
		};
		2B82D6101AAACC1C0059E738 /* PBXTargetDependency */ = {
			isa = PBXTargetDependency;
			target = 2B82D5F81AAACC1C0059E738 /* WatchKitDemo WatchKit Extension */;
			targetProxy = 2B82D60F1AAACC1C0059E738 /* PBXContainerItemProxy */;
		};
/* End PBXTargetDependency section */

/* Begin PBXVariantGroup section */
		2B82D5D91AAACC080059E738 /* Main.storyboard */ = {
			isa = PBXVariantGroup;
			children = (
				2B82D5DA1AAACC080059E738 /* Base */,
			);
			name = Main.storyboard;
			sourceTree = "<group>";
		};
		2B82D5DE1AAACC080059E738 /* LaunchScreen.xib */ = {
			isa = PBXVariantGroup;
			children = (
				2B82D5DF1AAACC080059E738 /* Base */,
			);
			name = LaunchScreen.xib;
			sourceTree = "<group>";
		};
		2B82D60A1AAACC1C0059E738 /* Interface.storyboard */ = {
			isa = PBXVariantGroup;
			children = (
				2B82D60B1AAACC1C0059E738 /* Base */,
			);
			name = Interface.storyboard;
			sourceTree = "<group>";
		};
/* End PBXVariantGroup section */

/* Begin XCBuildConfiguration section */
		2B82D5ED1AAACC080059E738 /* Debug */ = {
			isa = XCBuildConfiguration;
			buildSettings = {
				ALWAYS_SEARCH_USER_PATHS = NO;
				CLANG_CXX_LANGUAGE_STANDARD = "gnu++0x";
				CLANG_CXX_LIBRARY = "libc++";
				CLANG_ENABLE_MODULES = YES;
				CLANG_ENABLE_OBJC_ARC = YES;
				CLANG_WARN_BOOL_CONVERSION = YES;
				CLANG_WARN_CONSTANT_CONVERSION = YES;
				CLANG_WARN_DIRECT_OBJC_ISA_USAGE = YES_ERROR;
				CLANG_WARN_EMPTY_BODY = YES;
				CLANG_WARN_ENUM_CONVERSION = YES;
				CLANG_WARN_INT_CONVERSION = YES;
				CLANG_WARN_OBJC_ROOT_CLASS = YES_ERROR;
				CLANG_WARN_UNREACHABLE_CODE = YES;
				CLANG_WARN__DUPLICATE_METHOD_MATCH = YES;
				"CODE_SIGN_IDENTITY[sdk=iphoneos*]" = "iPhone Developer";
				COPY_PHASE_STRIP = NO;
				DEBUG_INFORMATION_FORMAT = dwarf;
				ENABLE_STRICT_OBJC_MSGSEND = YES;
				GCC_C_LANGUAGE_STANDARD = gnu99;
				GCC_DYNAMIC_NO_PIC = NO;
				GCC_NO_COMMON_BLOCKS = YES;
				GCC_OPTIMIZATION_LEVEL = 0;
				GCC_PREPROCESSOR_DEFINITIONS = (
					"DEBUG=1",
					"$(inherited)",
				);
				GCC_SYMBOLS_PRIVATE_EXTERN = NO;
				GCC_WARN_64_TO_32_BIT_CONVERSION = YES;
				GCC_WARN_ABOUT_RETURN_TYPE = YES_ERROR;
				GCC_WARN_UNDECLARED_SELECTOR = YES;
				GCC_WARN_UNINITIALIZED_AUTOS = YES_AGGRESSIVE;
				GCC_WARN_UNUSED_FUNCTION = YES;
				GCC_WARN_UNUSED_VARIABLE = YES;
				IPHONEOS_DEPLOYMENT_TARGET = 8.3;
				MTL_ENABLE_DEBUG_INFO = YES;
				ONLY_ACTIVE_ARCH = YES;
				SDKROOT = iphoneos;
				SWIFT_OPTIMIZATION_LEVEL = "-Onone";
				TARGETED_DEVICE_FAMILY = "1,2";
			};
			name = Debug;
		};
		2B82D5EE1AAACC080059E738 /* Release */ = {
			isa = XCBuildConfiguration;
			buildSettings = {
				ALWAYS_SEARCH_USER_PATHS = NO;
				CLANG_CXX_LANGUAGE_STANDARD = "gnu++0x";
				CLANG_CXX_LIBRARY = "libc++";
				CLANG_ENABLE_MODULES = YES;
				CLANG_ENABLE_OBJC_ARC = YES;
				CLANG_WARN_BOOL_CONVERSION = YES;
				CLANG_WARN_CONSTANT_CONVERSION = YES;
				CLANG_WARN_DIRECT_OBJC_ISA_USAGE = YES_ERROR;
				CLANG_WARN_EMPTY_BODY = YES;
				CLANG_WARN_ENUM_CONVERSION = YES;
				CLANG_WARN_INT_CONVERSION = YES;
				CLANG_WARN_OBJC_ROOT_CLASS = YES_ERROR;
				CLANG_WARN_UNREACHABLE_CODE = YES;
				CLANG_WARN__DUPLICATE_METHOD_MATCH = YES;
				"CODE_SIGN_IDENTITY[sdk=iphoneos*]" = "iPhone Developer";
				COPY_PHASE_STRIP = NO;
				DEBUG_INFORMATION_FORMAT = "dwarf-with-dsym";
				ENABLE_NS_ASSERTIONS = NO;
				ENABLE_STRICT_OBJC_MSGSEND = YES;
				GCC_C_LANGUAGE_STANDARD = gnu99;
				GCC_NO_COMMON_BLOCKS = YES;
				GCC_WARN_64_TO_32_BIT_CONVERSION = YES;
				GCC_WARN_ABOUT_RETURN_TYPE = YES_ERROR;
				GCC_WARN_UNDECLARED_SELECTOR = YES;
				GCC_WARN_UNINITIALIZED_AUTOS = YES_AGGRESSIVE;
				GCC_WARN_UNUSED_FUNCTION = YES;
				GCC_WARN_UNUSED_VARIABLE = YES;
				IPHONEOS_DEPLOYMENT_TARGET = 8.3;
				MTL_ENABLE_DEBUG_INFO = NO;
				SDKROOT = iphoneos;
				TARGETED_DEVICE_FAMILY = "1,2";
				VALIDATE_PRODUCT = YES;
			};
			name = Release;
		};
		2B82D5F01AAACC080059E738 /* Debug */ = {
			isa = XCBuildConfiguration;
			buildSettings = {
				ASSETCATALOG_COMPILER_APPICON_NAME = AppIcon;
				EMBEDDED_CONTENT_CONTAINS_SWIFT = YES;
				INFOPLIST_FILE = WatchKitDemo/Info.plist;
				LD_RUNPATH_SEARCH_PATHS = "$(inherited) @executable_path/Frameworks";
				PRODUCT_NAME = "$(TARGET_NAME)";
			};
			name = Debug;
		};
		2B82D5F11AAACC080059E738 /* Release */ = {
			isa = XCBuildConfiguration;
			buildSettings = {
				ASSETCATALOG_COMPILER_APPICON_NAME = AppIcon;
				EMBEDDED_CONTENT_CONTAINS_SWIFT = YES;
				INFOPLIST_FILE = WatchKitDemo/Info.plist;
				LD_RUNPATH_SEARCH_PATHS = "$(inherited) @executable_path/Frameworks";
				PRODUCT_NAME = "$(TARGET_NAME)";
			};
			name = Release;
		};
		2B82D5F31AAACC080059E738 /* Debug */ = {
			isa = XCBuildConfiguration;
			buildSettings = {
				BUNDLE_LOADER = "$(TEST_HOST)";
				FRAMEWORK_SEARCH_PATHS = (
					"$(SDKROOT)/Developer/Library/Frameworks",
					"$(inherited)",
				);
				GCC_PREPROCESSOR_DEFINITIONS = (
					"DEBUG=1",
					"$(inherited)",
				);
				INFOPLIST_FILE = WatchKitDemoTests/Info.plist;
				LD_RUNPATH_SEARCH_PATHS = "$(inherited) @executable_path/Frameworks @loader_path/Frameworks";
				PRODUCT_NAME = "$(TARGET_NAME)";
				TEST_HOST = "$(BUILT_PRODUCTS_DIR)/WatchKitDemo.app/WatchKitDemo";
			};
			name = Debug;
		};
		2B82D5F41AAACC080059E738 /* Release */ = {
			isa = XCBuildConfiguration;
			buildSettings = {
				BUNDLE_LOADER = "$(TEST_HOST)";
				FRAMEWORK_SEARCH_PATHS = (
					"$(SDKROOT)/Developer/Library/Frameworks",
					"$(inherited)",
				);
				INFOPLIST_FILE = WatchKitDemoTests/Info.plist;
				LD_RUNPATH_SEARCH_PATHS = "$(inherited) @executable_path/Frameworks @loader_path/Frameworks";
				PRODUCT_NAME = "$(TARGET_NAME)";
				TEST_HOST = "$(BUILT_PRODUCTS_DIR)/WatchKitDemo.app/WatchKitDemo";
			};
			name = Release;
		};
		2B82D6131AAACC1C0059E738 /* Debug */ = {
			isa = XCBuildConfiguration;
			buildSettings = {
				ASSETCATALOG_COMPILER_APPICON_NAME = AppIcon;
				GCC_PREPROCESSOR_DEFINITIONS = (
					"DEBUG=1",
					"$(inherited)",
				);
				IBSC_MODULE = WatchKitDemo_WatchKit_Extension;
				INFOPLIST_FILE = "WatchKitDemo WatchKit App/Info.plist";
				PRODUCT_NAME = "$(TARGET_NAME)";
				SKIP_INSTALL = YES;
				TARGETED_DEVICE_FAMILY = 4;
				"TARGETED_DEVICE_FAMILY[sdk=iphonesimulator*]" = "1,4";
			};
			name = Debug;
		};
		2B82D6141AAACC1C0059E738 /* Release */ = {
			isa = XCBuildConfiguration;
			buildSettings = {
				ASSETCATALOG_COMPILER_APPICON_NAME = AppIcon;
				IBSC_MODULE = WatchKitDemo_WatchKit_Extension;
				INFOPLIST_FILE = "WatchKitDemo WatchKit App/Info.plist";
				PRODUCT_NAME = "$(TARGET_NAME)";
				SKIP_INSTALL = YES;
				TARGETED_DEVICE_FAMILY = 4;
				"TARGETED_DEVICE_FAMILY[sdk=iphonesimulator*]" = "1,4";
			};
			name = Release;
		};
		2B82D6161AAACC1C0059E738 /* Debug */ = {
			isa = XCBuildConfiguration;
			buildSettings = {
				GCC_PREPROCESSOR_DEFINITIONS = (
					"DEBUG=1",
					"$(inherited)",
				);
				INFOPLIST_FILE = "WatchKitDemo WatchKit Extension/Info.plist";
				LD_RUNPATH_SEARCH_PATHS = "$(inherited) @executable_path/Frameworks @executable_path/../../Frameworks";
				PRODUCT_NAME = "${TARGET_NAME}";
				SKIP_INSTALL = YES;
			};
			name = Debug;
		};
		2B82D6171AAACC1C0059E738 /* Release */ = {
			isa = XCBuildConfiguration;
			buildSettings = {
				INFOPLIST_FILE = "WatchKitDemo WatchKit Extension/Info.plist";
				LD_RUNPATH_SEARCH_PATHS = "$(inherited) @executable_path/Frameworks @executable_path/../../Frameworks";
				PRODUCT_NAME = "${TARGET_NAME}";
				SKIP_INSTALL = YES;
			};
			name = Release;
		};
/* End XCBuildConfiguration section */

/* Begin XCConfigurationList section */
		2B82D5CB1AAACC080059E738 /* Build configuration list for PBXProject "WatchKitDemo" */ = {
			isa = XCConfigurationList;
			buildConfigurations = (
				2B82D5ED1AAACC080059E738 /* Debug */,
				2B82D5EE1AAACC080059E738 /* Release */,
			);
			defaultConfigurationIsVisible = 0;
			defaultConfigurationName = Release;
		};
		2B82D5EF1AAACC080059E738 /* Build configuration list for PBXNativeTarget "WatchKitDemo" */ = {
			isa = XCConfigurationList;
			buildConfigurations = (
				2B82D5F01AAACC080059E738 /* Debug */,
				2B82D5F11AAACC080059E738 /* Release */,
			);
			defaultConfigurationIsVisible = 0;
		};
		2B82D5F21AAACC080059E738 /* Build configuration list for PBXNativeTarget "WatchKitDemoTests" */ = {
			isa = XCConfigurationList;
			buildConfigurations = (
				2B82D5F31AAACC080059E738 /* Debug */,
				2B82D5F41AAACC080059E738 /* Release */,
			);
			defaultConfigurationIsVisible = 0;
		};
		2B82D6121AAACC1C0059E738 /* Build configuration list for PBXNativeTarget "WatchKitDemo WatchKit App" */ = {
			isa = XCConfigurationList;
			buildConfigurations = (
				2B82D6131AAACC1C0059E738 /* Debug */,
				2B82D6141AAACC1C0059E738 /* Release */,
			);
			defaultConfigurationIsVisible = 0;
		};
		2B82D6151AAACC1C0059E738 /* Build configuration list for PBXNativeTarget "WatchKitDemo WatchKit Extension" */ = {
			isa = XCConfigurationList;
			buildConfigurations = (
				2B82D6161AAACC1C0059E738 /* Debug */,
				2B82D6171AAACC1C0059E738 /* Release */,
			);
			defaultConfigurationIsVisible = 0;
		};
/* End XCConfigurationList section */
	};
	rootObject = 2B82D5C81AAACC080059E738 /* Project object */;
}
